
Microsoft Visual Studio Solution File, Format Version 12.00
# Visual Studio Version 17
VisualStudioVersion = 17.8.34511.84
MinimumVisualStudioVersion = 10.0.40219.1
Project("{2150E333-8FDC-42A3-9474-1A3956D46DE8}") = "Solution Items", "Solution Items", "{57F6F0C1-BB73-49AE-8EC6-182B2E77D000}"
	ProjectSection(SolutionItems) = preProject
		CHANGELOG.md = CHANGELOG.md
		LICENSE = LICENSE
		README.md = README.md
	EndProjectSection
EndProject
Project("{D954291E-2A0B-460D-934E-DC6B0785DB48}") = "CommandHandler", "CommandHandler\CommandHandler.shproj", "{8A3CDCC5-4B55-4D87-A415-698A0E1FF06F}"
EndProject
Project("{D954291E-2A0B-460D-934E-DC6B0785DB48}") = "Localization", "Localization\Localization.shproj", "{452289F5-871B-436A-B111-5FA940A2A780}"
EndProject
Project("{D954291E-2A0B-460D-934E-DC6B0785DB48}") = "Logging", "Logging\Logging.shproj", "{7AA4FD87-0E1D-4BEB-810C-A4F70070E169}"
EndProject
Project("{D954291E-2A0B-460D-934E-DC6B0785DB48}") = "Net", "Net\Net.shproj", "{E6AB37A5-EE46-41D4-A922-0A0A5359E759}"
EndProject
Project("{D954291E-2A0B-460D-934E-DC6B0785DB48}") = "Profiler", "Profiler\Profiler.shproj", "{8CB5C1A8-1FFD-4190-901F-24244D376C97}"
EndProject
Project("{D954291E-2A0B-460D-934E-DC6B0785DB48}") = "TerminalControls", "TerminalControls\TerminalControls.shproj", "{7D92AA96-E888-4CBE-B637-FD417D1E2082}"
EndProject
Global
	GlobalSection(SolutionConfigurationPlatforms) = preSolution
		Debug|Any CPU = Debug|Any CPU
		Debug|x64 = Debug|x64
		Release|Any CPU = Release|Any CPU
		Release|x64 = Release|x64
	EndGlobalSection
	GlobalSection(SolutionProperties) = preSolution
		HideSolutionNode = FALSE
	EndGlobalSection
	GlobalSection(ExtensibilityGlobals) = postSolution
		SolutionGuid = {6568E8D6-C487-406A-A134-2DDB03F59274}
	EndGlobalSection
	GlobalSection(SharedMSBuildProjectFiles) = preSolution
		Localization\Localization.projitems*{452289f5-871b-436a-b111-5fa940a2a780}*SharedItemsImports = 13
		Logging\Logging.projitems*{7aa4fd87-0e1d-4beb-810c-a4f70070e169}*SharedItemsImports = 13
		TerminalControls\TerminalControls.projitems*{7d92aa96-e888-4cbe-b637-fd417d1e2082}*SharedItemsImports = 13
		CommandHandler\CommandHandler.projitems*{8a3cdcc5-4b55-4d87-a415-698a0e1ff06f}*SharedItemsImports = 13
		Profiler\Profiler.projitems*{8cb5c1a8-1ffd-4190-901f-24244d376c97}*SharedItemsImports = 13
		Net\Net.projitems*{e6ab37a5-ee46-41d4-a922-0a0a5359e759}*SharedItemsImports = 13
	EndGlobalSection
EndGlobal
