
Microsoft Visual Studio Solution File, Format Version 12.00
# Visual Studio Version 16
VisualStudioVersion = 16.0.28516.95
MinimumVisualStudioVersion = 10.0.40219.1
Project("{FAE04EC0-301F-11D3-BF4B-00C04F79EFBC}") = "Logging", "Logging\Logging.csproj", "{D8581C43-F65D-49EB-BFE3-75F185371512}"
EndProject
Project("{2150E333-8FDC-42A3-9474-1A3956D46DE8}") = "Solution Items", "Solution Items", "{57F6F0C1-BB73-49AE-8EC6-182B2E77D000}"
	ProjectSection(SolutionItems) = preProject
		CHANGELOG.md = CHANGELOG.md
		LICENSE = LICENSE
		README.md = README.md
	EndProjectSection
EndProject
Project("{FAE04EC0-301F-11D3-BF4B-00C04F79EFBC}") = "Profiler", "Profiler\Profiler.csproj", "{30C726DF-F15B-4DF0-B579-DFC84C74D6E2}"
EndProject
Project("{FAE04EC0-301F-11D3-BF4B-00C04F79EFBC}") = "Net", "Net\Net.csproj", "{2285E3A1-63A2-4632-AA74-CAA8DAC96C71}"
EndProject
Project("{FAE04EC0-301F-11D3-BF4B-00C04F79EFBC}") = "TerminalControls", "TerminalControls\TerminalControls.csproj", "{BEAE5F29-1B17-4F13-8262-6EE88B8CC41B}"
EndProject
Project("{FAE04EC0-301F-11D3-BF4B-00C04F79EFBC}") = "CommandHandler", "CommandHandler\CommandHandler.csproj", "{F3734666-0ACA-4CDC-B1B1-CD955FB6B4A8}"
EndProject
Global
	GlobalSection(SolutionConfigurationPlatforms) = preSolution
		Debug|Any CPU = Debug|Any CPU
		Release|Any CPU = Release|Any CPU
	EndGlobalSection
	GlobalSection(ProjectConfigurationPlatforms) = postSolution
		{D8581C43-F65D-49EB-BFE3-75F185371512}.Debug|Any CPU.ActiveCfg = Debug|x64
		{D8581C43-F65D-49EB-BFE3-75F185371512}.Debug|Any CPU.Build.0 = Debug|x64
		{D8581C43-F65D-49EB-BFE3-75F185371512}.Release|Any CPU.ActiveCfg = Release|Any CPU
		{D8581C43-F65D-49EB-BFE3-75F185371512}.Release|Any CPU.Build.0 = Release|Any CPU
		{30C726DF-F15B-4DF0-B579-DFC84C74D6E2}.Debug|Any CPU.ActiveCfg = Debug|Any CPU
		{30C726DF-F15B-4DF0-B579-DFC84C74D6E2}.Debug|Any CPU.Build.0 = Debug|Any CPU
		{30C726DF-F15B-4DF0-B579-DFC84C74D6E2}.Release|Any CPU.ActiveCfg = Release|Any CPU
		{30C726DF-F15B-4DF0-B579-DFC84C74D6E2}.Release|Any CPU.Build.0 = Release|Any CPU
		{2285E3A1-63A2-4632-AA74-CAA8DAC96C71}.Debug|Any CPU.ActiveCfg = Debug|Any CPU
		{2285E3A1-63A2-4632-AA74-CAA8DAC96C71}.Debug|Any CPU.Build.0 = Debug|Any CPU
		{2285E3A1-63A2-4632-AA74-CAA8DAC96C71}.Release|Any CPU.ActiveCfg = Release|Any CPU
		{2285E3A1-63A2-4632-AA74-CAA8DAC96C71}.Release|Any CPU.Build.0 = Release|Any CPU
		{BEAE5F29-1B17-4F13-8262-6EE88B8CC41B}.Debug|Any CPU.ActiveCfg = Debug|Any CPU
		{BEAE5F29-1B17-4F13-8262-6EE88B8CC41B}.Debug|Any CPU.Build.0 = Debug|Any CPU
		{BEAE5F29-1B17-4F13-8262-6EE88B8CC41B}.Release|Any CPU.ActiveCfg = Release|Any CPU
		{BEAE5F29-1B17-4F13-8262-6EE88B8CC41B}.Release|Any CPU.Build.0 = Release|Any CPU
		{F3734666-0ACA-4CDC-B1B1-CD955FB6B4A8}.Debug|Any CPU.ActiveCfg = Debug|Any CPU
		{F3734666-0ACA-4CDC-B1B1-CD955FB6B4A8}.Debug|Any CPU.Build.0 = Debug|Any CPU
		{F3734666-0ACA-4CDC-B1B1-CD955FB6B4A8}.Release|Any CPU.ActiveCfg = Release|Any CPU
		{F3734666-0ACA-4CDC-B1B1-CD955FB6B4A8}.Release|Any CPU.Build.0 = Release|Any CPU
	EndGlobalSection
	GlobalSection(SolutionProperties) = preSolution
		HideSolutionNode = FALSE
	EndGlobalSection
	GlobalSection(ExtensibilityGlobals) = postSolution
		SolutionGuid = {6568E8D6-C487-406A-A134-2DDB03F59274}
	EndGlobalSection
EndGlobal
